
Microsoft Visual Studio Solution File, Format Version 12.00
# Visual Studio Version 17
VisualStudioVersion = 17.10.35004.147
MinimumVisualStudioVersion = 10.0.40219.1
Project("{FAE04EC0-301F-11D3-BF4B-00C04F79EFBC}") = "TaskManagement.API", "TaskManagement.API\TaskManagement.API.csproj", "{995DC192-2177-4FB5-9BE6-6DA7618B5C7F}"
EndProject
Project("{FAE04EC0-301F-11D3-BF4B-00C04F79EFBC}") = "TaskManagement.Application", "TaskManagement.Application\TaskManagement.Application.csproj", "{4191B794-01A4-4381-9046-2CCD63E29D33}"
EndProject
Project("{FAE04EC0-301F-11D3-BF4B-00C04F79EFBC}") = "TaskManagement.Domain", "TaskManagement.Domain\TaskManagement.Domain.csproj", "{7351115A-45C5-41B7-87CB-38FD14616D91}"
EndProject
Project("{FAE04EC0-301F-11D3-BF4B-00C04F79EFBC}") = "TaskManagement.Infrastructure", "TaskManagement.Infrastructure\TaskManagement.Infrastructure.csproj", "{8F40A42B-75F4-49C4-921C-78697EF1A4B7}"
EndProject
Global
	GlobalSection(SolutionConfigurationPlatforms) = preSolution
		Debug|Any CPU = Debug|Any CPU
		Release|Any CPU = Release|Any CPU
	EndGlobalSection
	GlobalSection(ProjectConfigurationPlatforms) = postSolution
		{995DC192-2177-4FB5-9BE6-6DA7618B5C7F}.Debug|Any CPU.ActiveCfg = Debug|Any CPU
		{995DC192-2177-4FB5-9BE6-6DA7618B5C7F}.Debug|Any CPU.Build.0 = Debug|Any CPU
		{995DC192-2177-4FB5-9BE6-6DA7618B5C7F}.Release|Any CPU.ActiveCfg = Release|Any CPU
		{995DC192-2177-4FB5-9BE6-6DA7618B5C7F}.Release|Any CPU.Build.0 = Release|Any CPU
		{4191B794-01A4-4381-9046-2CCD63E29D33}.Debug|Any CPU.ActiveCfg = Debug|Any CPU
		{4191B794-01A4-4381-9046-2CCD63E29D33}.Debug|Any CPU.Build.0 = Debug|Any CPU
		{4191B794-01A4-4381-9046-2CCD63E29D33}.Release|Any CPU.ActiveCfg = Release|Any CPU
		{4191B794-01A4-4381-9046-2CCD63E29D33}.Release|Any CPU.Build.0 = Release|Any CPU
		{7351115A-45C5-41B7-87CB-38FD14616D91}.Debug|Any CPU.ActiveCfg = Debug|Any CPU
		{7351115A-45C5-41B7-87CB-38FD14616D91}.Debug|Any CPU.Build.0 = Debug|Any CPU
		{7351115A-45C5-41B7-87CB-38FD14616D91}.Release|Any CPU.ActiveCfg = Release|Any CPU
		{7351115A-45C5-41B7-87CB-38FD14616D91}.Release|Any CPU.Build.0 = Release|Any CPU
		{8F40A42B-75F4-49C4-921C-78697EF1A4B7}.Debug|Any CPU.ActiveCfg = Debug|Any CPU
		{8F40A42B-75F4-49C4-921C-78697EF1A4B7}.Debug|Any CPU.Build.0 = Debug|Any CPU
		{8F40A42B-75F4-49C4-921C-78697EF1A4B7}.Release|Any CPU.ActiveCfg = Release|Any CPU
		{8F40A42B-75F4-49C4-921C-78697EF1A4B7}.Release|Any CPU.Build.0 = Release|Any CPU
	EndGlobalSection
	GlobalSection(SolutionProperties) = preSolution
		HideSolutionNode = FALSE
	EndGlobalSection
	GlobalSection(ExtensibilityGlobals) = postSolution
		SolutionGuid = {774654B4-D0A0-45B3-BE0E-41352F142BF7}
	EndGlobalSection
EndGlobal
